github.com/joegasewicz/pg-conf v0.1.2 h1:MeBgfuu/N1HRQDp+/RPtctPR0phA65PhgG5W2aZ4D1g=
github.com/joegasewicz/pg-conf v0.1.2/go.mod h1:lbNke2WCF6IMgYVeLRLqan/1m9jrQSuYuJVEgMRbp4g=
github.com/lib/pq v1.10.9 h1:YXG7RB+JIjhP29X+OtkiDnYaXQwpS4JEWq7dtCCRUEw=
github.com/lib/pq v1.10.9/go.mod h1:AlVN5x4E4T544tWzH6hKfbfQvm3HdbOxrmggDNAPY9o=
